
Microsoft Visual Studio Solution File, Format Version 12.00
# Visual Studio Version 17
VisualStudioVersion = 17.1.31911.260
MinimumVisualStudioVersion = 10.0.40219.1
Project("{FAE04EC0-301F-11D3-BF4B-00C04F79EFBC}") = "YChanEx", "YChanEx\YChanEx.csproj", "{A6802677-F12F-41BA-A159-FF4827F2303E}"
EndProject
Project("{2150E333-8FDC-42A3-9474-1A3956D46DE8}") = "Resources", "Resources", "{0BFFBED3-4512-4194-AFE0-FF802756A43E}"
	ProjectSection(SolutionItems) = preProject
		Resources\YChanEx.user.js = Resources\YChanEx.user.js
	EndProjectSection
EndProject
Project("{FAE04EC0-301F-11D3-BF4B-00C04F79EFBC}") = "YChanExUpdater", "YChanExUpdater\YChanExUpdater.csproj", "{FEFB0BA1-3E4F-4DD9-B916-72826EA2E977}"
EndProject
Project("{FAE04EC0-301F-11D3-BF4B-00C04F79EFBC}") = "YChanEx-Tests", "YChanEx-Tests\YChanEx-Tests.csproj", "{96B027A0-3FF7-41DB-A76B-614607C88690}"
EndProject
Global
	GlobalSection(SolutionConfigurationPlatforms) = preSolution
		Debug|Any CPU = Debug|Any CPU
		Release|Any CPU = Release|Any CPU
	EndGlobalSection
	GlobalSection(ProjectConfigurationPlatforms) = postSolution
		{A6802677-F12F-41BA-A159-FF4827F2303E}.Debug|Any CPU.ActiveCfg = Debug|Any CPU
		{A6802677-F12F-41BA-A159-FF4827F2303E}.Debug|Any CPU.Build.0 = Debug|Any CPU
		{A6802677-F12F-41BA-A159-FF4827F2303E}.Release|Any CPU.ActiveCfg = Release|Any CPU
		{A6802677-F12F-41BA-A159-FF4827F2303E}.Release|Any CPU.Build.0 = Release|Any CPU
		{FEFB0BA1-3E4F-4DD9-B916-72826EA2E977}.Debug|Any CPU.ActiveCfg = Debug|Any CPU
		{FEFB0BA1-3E4F-4DD9-B916-72826EA2E977}.Debug|Any CPU.Build.0 = Debug|Any CPU
		{FEFB0BA1-3E4F-4DD9-B916-72826EA2E977}.Release|Any CPU.ActiveCfg = Release|Any CPU
		{FEFB0BA1-3E4F-4DD9-B916-72826EA2E977}.Release|Any CPU.Build.0 = Release|Any CPU
		{96B027A0-3FF7-41DB-A76B-614607C88690}.Debug|Any CPU.ActiveCfg = Debug|Any CPU
		{96B027A0-3FF7-41DB-A76B-614607C88690}.Debug|Any CPU.Build.0 = Debug|Any CPU
		{96B027A0-3FF7-41DB-A76B-614607C88690}.Release|Any CPU.ActiveCfg = Release|Any CPU
		{96B027A0-3FF7-41DB-A76B-614607C88690}.Release|Any CPU.Build.0 = Release|Any CPU
	EndGlobalSection
	GlobalSection(SolutionProperties) = preSolution
		HideSolutionNode = FALSE
	EndGlobalSection
	GlobalSection(ExtensibilityGlobals) = postSolution
		SolutionGuid = {B8F15A3A-3396-49B5-887A-033090AB17C8}
	EndGlobalSection
EndGlobal
